// !$*UTF8*$!
{
	archiveVersion = 1;
	classes = {
	};
	objectVersion = 55;
	objects = {

/* Begin PBXBuildFile section */
		9F22726A270183E300C67ED4 /* LoanCellView.swift in Sources */ = {isa = PBXBuildFile; fileRef = 9F227269270183E300C67ED4 /* LoanCellView.swift */; };
		9F22726B270183E300C67ED4 /* LoanCellView.swift in Sources */ = {isa = PBXBuildFile; fileRef = 9F227269270183E300C67ED4 /* LoanCellView.swift */; };
		9F22726D270185D700C67ED4 /* Date+Extension.swift in Sources */ = {isa = PBXBuildFile; fileRef = 9F22726C270185D700C67ED4 /* Date+Extension.swift */; };
		9F22726E270185D700C67ED4 /* Date+Extension.swift in Sources */ = {isa = PBXBuildFile; fileRef = 9F22726C270185D700C67ED4 /* Date+Extension.swift */; };
		9F2272702701873800C67ED4 /* Double+Extension.swift in Sources */ = {isa = PBXBuildFile; fileRef = 9F22726F2701873800C67ED4 /* Double+Extension.swift */; };
		9F2272712701873800C67ED4 /* Double+Extension.swift in Sources */ = {isa = PBXBuildFile; fileRef = 9F22726F2701873800C67ED4 /* Double+Extension.swift */; };
		9F227273270353E900C67ED4 /* AddLoanView.swift in Sources */ = {isa = PBXBuildFile; fileRef = 9F227272270353E900C67ED4 /* AddLoanView.swift */; };
		9F227274270353E900C67ED4 /* AddLoanView.swift in Sources */ = {isa = PBXBuildFile; fileRef = 9F227272270353E900C67ED4 /* AddLoanView.swift */; };
		9F8F418B26FEE43000D5BB67 /* LoanTrackCDCK.xcdatamodeld in Sources */ = {isa = PBXBuildFile; fileRef = 9F8F417826FEE42F00D5BB67 /* LoanTrackCDCK.xcdatamodeld */; };
		9F8F418C26FEE43000D5BB67 /* LoanTrackCDCK.xcdatamodeld in Sources */ = {isa = PBXBuildFile; fileRef = 9F8F417826FEE42F00D5BB67 /* LoanTrackCDCK.xcdatamodeld */; };
		9F8F418D26FEE43000D5BB67 /* LoanTrackCDCKApp.swift in Sources */ = {isa = PBXBuildFile; fileRef = 9F8F417A26FEE42F00D5BB67 /* LoanTrackCDCKApp.swift */; };
		9F8F418E26FEE43000D5BB67 /* LoanTrackCDCKApp.swift in Sources */ = {isa = PBXBuildFile; fileRef = 9F8F417A26FEE42F00D5BB67 /* LoanTrackCDCKApp.swift */; };
		9F8F418F26FEE43000D5BB67 /* LoansView.swift in Sources */ = {isa = PBXBuildFile; fileRef = 9F8F417B26FEE42F00D5BB67 /* LoansView.swift */; };
		9F8F419026FEE43000D5BB67 /* LoansView.swift in Sources */ = {isa = PBXBuildFile; fileRef = 9F8F417B26FEE42F00D5BB67 /* LoansView.swift */; };
		9F8F419126FEE43000D5BB67 /* Persistence.swift in Sources */ = {isa = PBXBuildFile; fileRef = 9F8F417C26FEE42F00D5BB67 /* Persistence.swift */; };
		9F8F419226FEE43000D5BB67 /* Persistence.swift in Sources */ = {isa = PBXBuildFile; fileRef = 9F8F417C26FEE42F00D5BB67 /* Persistence.swift */; };
		9F8F419326FEE43000D5BB67 /* Assets.xcassets in Resources */ = {isa = PBXBuildFile; fileRef = 9F8F417D26FEE43000D5BB67 /* Assets.xcassets */; };
		9F8F419426FEE43000D5BB67 /* Assets.xcassets in Resources */ = {isa = PBXBuildFile; fileRef = 9F8F417D26FEE43000D5BB67 /* Assets.xcassets */; };
/* End PBXBuildFile section */

/* Begin PBXFileReference section */
		9F227269270183E300C67ED4 /* LoanCellView.swift */ = {isa = PBXFileReference; lastKnownFileType = sourcecode.swift; path = LoanCellView.swift; sourceTree = "<group>"; };
		9F22726C270185D700C67ED4 /* Date+Extension.swift */ = {isa = PBXFileReference; lastKnownFileType = sourcecode.swift; path = "Date+Extension.swift"; sourceTree = "<group>"; };
		9F22726F2701873800C67ED4 /* Double+Extension.swift */ = {isa = PBXFileReference; lastKnownFileType = sourcecode.swift; path = "Double+Extension.swift"; sourceTree = "<group>"; };
		9F227272270353E900C67ED4 /* AddLoanView.swift */ = {isa = PBXFileReference; lastKnownFileType = sourcecode.swift; path = AddLoanView.swift; sourceTree = "<group>"; };
		9F8F417926FEE42F00D5BB67 /* Shared.xcdatamodel */ = {isa = PBXFileReference; lastKnownFileType = wrapper.xcdatamodel; path = Shared.xcdatamodel; sourceTree = "<group>"; };
		9F8F417A26FEE42F00D5BB67 /* LoanTrackCDCKApp.swift */ = {isa = PBXFileReference; lastKnownFileType = sourcecode.swift; path = LoanTrackCDCKApp.swift; sourceTree = "<group>"; };
		9F8F417B26FEE42F00D5BB67 /* LoansView.swift */ = {isa = PBXFileReference; lastKnownFileType = sourcecode.swift; path = LoansView.swift; sourceTree = "<group>"; };
		9F8F417C26FEE42F00D5BB67 /* Persistence.swift */ = {isa = PBXFileReference; lastKnownFileType = sourcecode.swift; path = Persistence.swift; sourceTree = "<group>"; };
		9F8F417D26FEE43000D5BB67 /* Assets.xcassets */ = {isa = PBXFileReference; lastKnownFileType = folder.assetcatalog; path = Assets.xcassets; sourceTree = "<group>"; };
		9F8F418226FEE43000D5BB67 /* LoanTrackCDCK.app */ = {isa = PBXFileReference; explicitFileType = wrapper.application; includeInIndex = 0; path = LoanTrackCDCK.app; sourceTree = BUILT_PRODUCTS_DIR; };
		9F8F418826FEE43000D5BB67 /* LoanTrackCDCK.app */ = {isa = PBXFileReference; explicitFileType = wrapper.application; includeInIndex = 0; path = LoanTrackCDCK.app; sourceTree = BUILT_PRODUCTS_DIR; };
		9F8F418A26FEE43000D5BB67 /* macOS.entitlements */ = {isa = PBXFileReference; lastKnownFileType = text.plist.entitlements; path = macOS.entitlements; sourceTree = "<group>"; };
/* End PBXFileReference section */

/* Begin PBXFrameworksBuildPhase section */
		9F8F417F26FEE43000D5BB67 /* Frameworks */ = {
			isa = PBXFrameworksBuildPhase;
			buildActionMask = 2147483647;
			files = (
			);
			runOnlyForDeploymentPostprocessing = 0;
		};
		9F8F418526FEE43000D5BB67 /* Frameworks */ = {
			isa = PBXFrameworksBuildPhase;
			buildActionMask = 2147483647;
			files = (
			);
			runOnlyForDeploymentPostprocessing = 0;
		};
/* End PBXFrameworksBuildPhase section */

/* Begin PBXGroup section */
		9F8F417226FEE42F00D5BB67 = {
			isa = PBXGroup;
			children = (
				9F8F417726FEE42F00D5BB67 /* Shared */,
				9F8F418926FEE43000D5BB67 /* macOS */,
				9F8F418326FEE43000D5BB67 /* Products */,
			);
			sourceTree = "<group>";
		};
		9F8F417726FEE42F00D5BB67 /* Shared */ = {
			isa = PBXGroup;
			children = (
				9F8F417A26FEE42F00D5BB67 /* LoanTrackCDCKApp.swift */,
				9F8F417B26FEE42F00D5BB67 /* LoansView.swift */,
				9F227269270183E300C67ED4 /* LoanCellView.swift */,
				9F227272270353E900C67ED4 /* AddLoanView.swift */,
				9F22726C270185D700C67ED4 /* Date+Extension.swift */,
				9F22726F2701873800C67ED4 /* Double+Extension.swift */,
				9F8F417C26FEE42F00D5BB67 /* Persistence.swift */,
				9F8F417D26FEE43000D5BB67 /* Assets.xcassets */,
				9F8F417826FEE42F00D5BB67 /* LoanTrackCDCK.xcdatamodeld */,
			);
			path = Shared;
			sourceTree = "<group>";
		};
		9F8F418326FEE43000D5BB67 /* Products */ = {
			isa = PBXGroup;
			children = (
				9F8F418226FEE43000D5BB67 /* LoanTrackCDCK.app */,
				9F8F418826FEE43000D5BB67 /* LoanTrackCDCK.app */,
			);
			name = Products;
			sourceTree = "<group>";
		};
		9F8F418926FEE43000D5BB67 /* macOS */ = {
			isa = PBXGroup;
			children = (
				9F8F418A26FEE43000D5BB67 /* macOS.entitlements */,
			);
			path = macOS;
			sourceTree = "<group>";
		};
/* End PBXGroup section */

/* Begin PBXNativeTarget section */
		9F8F418126FEE43000D5BB67 /* LoanTrackCDCK (iOS) */ = {
			isa = PBXNativeTarget;
			buildConfigurationList = 9F8F419726FEE43000D5BB67 /* Build configuration list for PBXNativeTarget "LoanTrackCDCK (iOS)" */;
			buildPhases = (
				9F8F417E26FEE43000D5BB67 /* Sources */,
				9F8F417F26FEE43000D5BB67 /* Frameworks */,
				9F8F418026FEE43000D5BB67 /* Resources */,
			);
			buildRules = (
			);
			dependencies = (
			);
			name = "LoanTrackCDCK (iOS)";
			productName = "LoanTrackCDCK (iOS)";
			productReference = 9F8F418226FEE43000D5BB67 /* LoanTrackCDCK.app */;
			productType = "com.apple.product-type.application";
		};
		9F8F418726FEE43000D5BB67 /* LoanTrackCDCK (macOS) */ = {
			isa = PBXNativeTarget;
			buildConfigurationList = 9F8F419A26FEE43000D5BB67 /* Build configuration list for PBXNativeTarget "LoanTrackCDCK (macOS)" */;
			buildPhases = (
				9F8F418426FEE43000D5BB67 /* Sources */,
				9F8F418526FEE43000D5BB67 /* Frameworks */,
				9F8F418626FEE43000D5BB67 /* Resources */,
			);
			buildRules = (
			);
			dependencies = (
			);
			name = "LoanTrackCDCK (macOS)";
			productName = "LoanTrackCDCK (macOS)";
			productReference = 9F8F418826FEE43000D5BB67 /* LoanTrackCDCK.app */;
			productType = "com.apple.product-type.application";
		};
/* End PBXNativeTarget section */

/* Begin PBXProject section */
		9F8F417326FEE42F00D5BB67 /* Project object */ = {
			isa = PBXProject;
			attributes = {
				BuildIndependentTargetsInParallel = 1;
				LastSwiftUpdateCheck = 1300;
				LastUpgradeCheck = 1300;
				TargetAttributes = {
					9F8F418126FEE43000D5BB67 = {
						CreatedOnToolsVersion = 13.0;
					};
					9F8F418726FEE43000D5BB67 = {
						CreatedOnToolsVersion = 13.0;
					};
				};
			};
			buildConfigurationList = 9F8F417626FEE42F00D5BB67 /* Build configuration list for PBXProject "LoanTrackCDCK" */;
			compatibilityVersion = "Xcode 13.0";
			developmentRegion = en;
			hasScannedForEncodings = 0;
			knownRegions = (
				en,
				Base,
			);
			mainGroup = 9F8F417226FEE42F00D5BB67;
			productRefGroup = 9F8F418326FEE43000D5BB67 /* Products */;
			projectDirPath = "";
			projectRoot = "";
			targets = (
				9F8F418126FEE43000D5BB67 /* LoanTrackCDCK (iOS) */,
				9F8F418726FEE43000D5BB67 /* LoanTrackCDCK (macOS) */,
			);
		};
/* End PBXProject section */

/* Begin PBXResourcesBuildPhase section */
		9F8F418026FEE43000D5BB67 /* Resources */ = {
			isa = PBXResourcesBuildPhase;
			buildActionMask = 2147483647;
			files = (
				9F8F419326FEE43000D5BB67 /* Assets.xcassets in Resources */,
			);
			runOnlyForDeploymentPostprocessing = 0;
		};
		9F8F418626FEE43000D5BB67 /* Resources */ = {
			isa = PBXResourcesBuildPhase;
			buildActionMask = 2147483647;
			files = (
				9F8F419426FEE43000D5BB67 /* Assets.xcassets in Resources */,
			);
			runOnlyForDeploymentPostprocessing = 0;
		};
/* End PBXResourcesBuildPhase section */

/* Begin PBXSourcesBuildPhase section */
		9F8F417E26FEE43000D5BB67 /* Sources */ = {
			isa = PBXSourcesBuildPhase;
			buildActionMask = 2147483647;
			files = (
				9F8F418D26FEE43000D5BB67 /* LoanTrackCDCKApp.swift in Sources */,
				9F8F419126FEE43000D5BB67 /* Persistence.swift in Sources */,
				9F227273270353E900C67ED4 /* AddLoanView.swift in Sources */,
				9F22726A270183E300C67ED4 /* LoanCellView.swift in Sources */,
				9F8F418B26FEE43000D5BB67 /* LoanTrackCDCK.xcdatamodeld in Sources */,
				9F8F418F26FEE43000D5BB67 /* LoansView.swift in Sources */,
				9F2272702701873800C67ED4 /* Double+Extension.swift in Sources */,
				9F22726D270185D700C67ED4 /* Date+Extension.swift in Sources */,
			);
			runOnlyForDeploymentPostprocessing = 0;
		};
		9F8F418426FEE43000D5BB67 /* Sources */ = {
			isa = PBXSourcesBuildPhase;
			buildActionMask = 2147483647;
			files = (
				9F8F418E26FEE43000D5BB67 /* LoanTrackCDCKApp.swift in Sources */,
				9F8F419226FEE43000D5BB67 /* Persistence.swift in Sources */,
				9F227274270353E900C67ED4 /* AddLoanView.swift in Sources */,
				9F22726B270183E300C67ED4 /* LoanCellView.swift in Sources */,
				9F8F418C26FEE43000D5BB67 /* LoanTrackCDCK.xcdatamodeld in Sources */,
				9F8F419026FEE43000D5BB67 /* LoansView.swift in Sources */,
				9F2272712701873800C67ED4 /* Double+Extension.swift in Sources */,
				9F22726E270185D700C67ED4 /* Date+Extension.swift in Sources */,
			);
			runOnlyForDeploymentPostprocessing = 0;
		};
/* End PBXSourcesBuildPhase section */

/* Begin XCBuildConfiguration section */
		9F8F419526FEE43000D5BB67 /* Debug */ = {
			isa = XCBuildConfiguration;
			buildSettings = {
				ALWAYS_SEARCH_USER_PATHS = NO;
				CLANG_ANALYZER_NONNULL = YES;
				CLANG_ANALYZER_NUMBER_OBJECT_CONVERSION = YES_AGGRESSIVE;
				CLANG_CXX_LANGUAGE_STANDARD = "gnu++17";
				CLANG_CXX_LIBRARY = "libc++";
				CLANG_ENABLE_MODULES = YES;
				CLANG_ENABLE_OBJC_ARC = YES;
				CLANG_ENABLE_OBJC_WEAK = YES;
				CLANG_WARN_BLOCK_CAPTURE_AUTORELEASING = YES;
				CLANG_WARN_BOOL_CONVERSION = YES;
				CLANG_WARN_COMMA = YES;
				CLANG_WARN_CONSTANT_CONVERSION = YES;
				CLANG_WARN_DEPRECATED_OBJC_IMPLEMENTATIONS = YES;
				CLANG_WARN_DIRECT_OBJC_ISA_USAGE = YES_ERROR;
				CLANG_WARN_DOCUMENTATION_COMMENTS = YES;
				CLANG_WARN_EMPTY_BODY = YES;
				CLANG_WARN_ENUM_CONVERSION = YES;
				CLANG_WARN_INFINITE_RECURSION = YES;
				CLANG_WARN_INT_CONVERSION = YES;
				CLANG_WARN_NON_LITERAL_NULL_CONVERSION = YES;
				CLANG_WARN_OBJC_IMPLICIT_RETAIN_SELF = YES;
				CLANG_WARN_OBJC_LITERAL_CONVERSION = YES;
				CLANG_WARN_OBJC_ROOT_CLASS = YES_ERROR;
				CLANG_WARN_QUOTED_INCLUDE_IN_FRAMEWORK_HEADER = YES;
				CLANG_WARN_RANGE_LOOP_ANALYSIS = YES;
				CLANG_WARN_STRICT_PROTOTYPES = YES;
				CLANG_WARN_SUSPICIOUS_MOVE = YES;
				CLANG_WARN_UNGUARDED_AVAILABILITY = YES_AGGRESSIVE;
				CLANG_WARN_UNREACHABLE_CODE = YES;
				CLANG_WARN__DUPLICATE_METHOD_MATCH = YES;
				COPY_PHASE_STRIP = NO;
				DEBUG_INFORMATION_FORMAT = dwarf;
				ENABLE_STRICT_OBJC_MSGSEND = YES;
				ENABLE_TESTABILITY = YES;
				GCC_C_LANGUAGE_STANDARD = gnu11;
				GCC_DYNAMIC_NO_PIC = NO;
				GCC_NO_COMMON_BLOCKS = YES;
				GCC_OPTIMIZATION_LEVEL = 0;
				GCC_PREPROCESSOR_DEFINITIONS = (
					"DEBUG=1",
					"$(inherited)",
				);
				GCC_WARN_64_TO_32_BIT_CONVERSION = YES;
				GCC_WARN_ABOUT_RETURN_TYPE = YES_ERROR;
				GCC_WARN_UNDECLARED_SELECTOR = YES;
				GCC_WARN_UNINITIALIZED_AUTOS = YES_AGGRESSIVE;
				GCC_WARN_UNUSED_FUNCTION = YES;
				GCC_WARN_UNUSED_VARIABLE = YES;
				MTL_ENABLE_DEBUG_INFO = INCLUDE_SOURCE;
				MTL_FAST_MATH = YES;
				ONLY_ACTIVE_ARCH = YES;
				SWIFT_ACTIVE_COMPILATION_CONDITIONS = DEBUG;
				SWIFT_OPTIMIZATION_LEVEL = "-Onone";
			};
			name = Debug;
		};
		9F8F419626FEE43000D5BB67 /* Release */ = {
			isa = XCBuildConfiguration;
			buildSettings = {
				ALWAYS_SEARCH_USER_PATHS = NO;
				CLANG_ANALYZER_NONNULL = YES;
				CLANG_ANALYZER_NUMBER_OBJECT_CONVERSION = YES_AGGRESSIVE;
				CLANG_CXX_LANGUAGE_STANDARD = "gnu++17";
				CLANG_CXX_LIBRARY = "libc++";
				CLANG_ENABLE_MODULES = YES;
				CLANG_ENABLE_OBJC_ARC = YES;
				CLANG_ENABLE_OBJC_WEAK = YES;
				CLANG_WARN_BLOCK_CAPTURE_AUTORELEASING = YES;
				CLANG_WARN_BOOL_CONVERSION = YES;
				CLANG_WARN_COMMA = YES;
				CLANG_WARN_CONSTANT_CONVERSION = YES;
				CLANG_WARN_DEPRECATED_OBJC_IMPLEMENTATIONS = YES;
				CLANG_WARN_DIRECT_OBJC_ISA_USAGE = YES_ERROR;
				CLANG_WARN_DOCUMENTATION_COMMENTS = YES;
				CLANG_WARN_EMPTY_BODY = YES;
				CLANG_WARN_ENUM_CONVERSION = YES;
				CLANG_WARN_INFINITE_RECURSION = YES;
				CLANG_WARN_INT_CONVERSION = YES;
				CLANG_WARN_NON_LITERAL_NULL_CONVERSION = YES;
				CLANG_WARN_OBJC_IMPLICIT_RETAIN_SELF = YES;
				CLANG_WARN_OBJC_LITERAL_CONVERSION = YES;
				CLANG_WARN_OBJC_ROOT_CLASS = YES_ERROR;
				CLANG_WARN_QUOTED_INCLUDE_IN_FRAMEWORK_HEADER = YES;
				CLANG_WARN_RANGE_LOOP_ANALYSIS = YES;
				CLANG_WARN_STRICT_PROTOTYPES = YES;
				CLANG_WARN_SUSPICIOUS_MOVE = YES;
				CLANG_WARN_UNGUARDED_AVAILABILITY = YES_AGGRESSIVE;
				CLANG_WARN_UNREACHABLE_CODE = YES;
				CLANG_WARN__DUPLICATE_METHOD_MATCH = YES;
				COPY_PHASE_STRIP = NO;
				DEBUG_INFORMATION_FORMAT = "dwarf-with-dsym";
				ENABLE_NS_ASSERTIONS = NO;
				ENABLE_STRICT_OBJC_MSGSEND = YES;
				GCC_C_LANGUAGE_STANDARD = gnu11;
				GCC_NO_COMMON_BLOCKS = YES;
				GCC_WARN_64_TO_32_BIT_CONVERSION = YES;
				GCC_WARN_ABOUT_RETURN_TYPE = YES_ERROR;
				GCC_WARN_UNDECLARED_SELECTOR = YES;
				GCC_WARN_UNINITIALIZED_AUTOS = YES_AGGRESSIVE;
				GCC_WARN_UNUSED_FUNCTION = YES;
				GCC_WARN_UNUSED_VARIABLE = YES;
				MTL_ENABLE_DEBUG_INFO = NO;
				MTL_FAST_MATH = YES;
				SWIFT_COMPILATION_MODE = wholemodule;
				SWIFT_OPTIMIZATION_LEVEL = "-O";
			};
			name = Release;
		};
		9F8F419826FEE43000D5BB67 /* Debug */ = {
			isa = XCBuildConfiguration;
			buildSettings = {
				ASSETCATALOG_COMPILER_APPICON_NAME = AppIcon;
				ASSETCATALOG_COMPILER_GLOBAL_ACCENT_COLOR_NAME = AccentColor;
				CODE_SIGN_STYLE = Automatic;
				CURRENT_PROJECT_VERSION = 1;
				ENABLE_PREVIEWS = YES;
				GENERATE_INFOPLIST_FILE = YES;
				INFOPLIST_KEY_UIApplicationSceneManifest_Generation = YES;
				INFOPLIST_KEY_UIApplicationSupportsIndirectInputEvents = YES;
				INFOPLIST_KEY_UILaunchScreen_Generation = YES;
				INFOPLIST_KEY_UISupportedInterfaceOrientations_iPad = "UIInterfaceOrientationPortrait UIInterfaceOrientationPortraitUpsideDown UIInterfaceOrientationLandscapeLeft UIInterfaceOrientationLandscapeRight";
				INFOPLIST_KEY_UISupportedInterfaceOrientations_iPhone = "UIInterfaceOrientationPortrait UIInterfaceOrientationLandscapeLeft UIInterfaceOrientationLandscapeRight";
				IPHONEOS_DEPLOYMENT_TARGET = 14.0;
				LD_RUNPATH_SEARCH_PATHS = (
					"$(inherited)",
					"@executable_path/Frameworks",
				);
				MARKETING_VERSION = 1.0;
				PRODUCT_BUNDLE_IDENTIFIER = com.boleky.LoanTrackCDCK;
				PRODUCT_NAME = LoanTrackCDCK;
				SDKROOT = iphoneos;
				SWIFT_EMIT_LOC_STRINGS = YES;
				SWIFT_VERSION = 5.0;
				TARGETED_DEVICE_FAMILY = "1,2";
			};
			name = Debug;
		};
		9F8F419926FEE43000D5BB67 /* Release */ = {
			isa = XCBuildConfiguration;
			buildSettings = {
				ASSETCATALOG_COMPILER_APPICON_NAME = AppIcon;
				ASSETCATALOG_COMPILER_GLOBAL_ACCENT_COLOR_NAME = AccentColor;
				CODE_SIGN_STYLE = Automatic;
				CURRENT_PROJECT_VERSION = 1;
				ENABLE_PREVIEWS = YES;
				GENERATE_INFOPLIST_FILE = YES;
				INFOPLIST_KEY_UIApplicationSceneManifest_Generation = YES;
				INFOPLIST_KEY_UIApplicationSupportsIndirectInputEvents = YES;
				INFOPLIST_KEY_UILaunchScreen_Generation = YES;
				INFOPLIST_KEY_UISupportedInterfaceOrientations_iPad = "UIInterfaceOrientationPortrait UIInterfaceOrientationPortraitUpsideDown UIInterfaceOrientationLandscapeLeft UIInterfaceOrientationLandscapeRight";
				INFOPLIST_KEY_UISupportedInterfaceOrientations_iPhone = "UIInterfaceOrientationPortrait UIInterfaceOrientationLandscapeLeft UIInterfaceOrientationLandscapeRight";
				IPHONEOS_DEPLOYMENT_TARGET = 14.0;
				LD_RUNPATH_SEARCH_PATHS = (
					"$(inherited)",
					"@executable_path/Frameworks",
				);
				MARKETING_VERSION = 1.0;
				PRODUCT_BUNDLE_IDENTIFIER = com.boleky.LoanTrackCDCK;
				PRODUCT_NAME = LoanTrackCDCK;
				SDKROOT = iphoneos;
				SWIFT_EMIT_LOC_STRINGS = YES;
				SWIFT_VERSION = 5.0;
				TARGETED_DEVICE_FAMILY = "1,2";
				VALIDATE_PRODUCT = YES;
			};
			name = Release;
		};
		9F8F419B26FEE43000D5BB67 /* Debug */ = {
			isa = XCBuildConfiguration;
			buildSettings = {
				ASSETCATALOG_COMPILER_APPICON_NAME = AppIcon;
				ASSETCATALOG_COMPILER_GLOBAL_ACCENT_COLOR_NAME = AccentColor;
				CODE_SIGN_ENTITLEMENTS = macOS/macOS.entitlements;
				CODE_SIGN_STYLE = Automatic;
				COMBINE_HIDPI_IMAGES = YES;
				CURRENT_PROJECT_VERSION = 1;
				ENABLE_PREVIEWS = YES;
				GENERATE_INFOPLIST_FILE = YES;
				INFOPLIST_KEY_NSHumanReadableCopyright = "";
				LD_RUNPATH_SEARCH_PATHS = (
					"$(inherited)",
					"@executable_path/../Frameworks",
				);
				MACOSX_DEPLOYMENT_TARGET = 11.0;
				MARKETING_VERSION = 1.0;
				PRODUCT_BUNDLE_IDENTIFIER = com.boleky.LoanTrackCDCK;
				PRODUCT_NAME = LoanTrackCDCK;
				SDKROOT = macosx;
				SWIFT_EMIT_LOC_STRINGS = YES;
				SWIFT_VERSION = 5.0;
			};
			name = Debug;
		};
		9F8F419C26FEE43000D5BB67 /* Release */ = {
			isa = XCBuildConfiguration;
			buildSettings = {
				ASSETCATALOG_COMPILER_APPICON_NAME = AppIcon;
				ASSETCATALOG_COMPILER_GLOBAL_ACCENT_COLOR_NAME = AccentColor;
				CODE_SIGN_ENTITLEMENTS = macOS/macOS.entitlements;
				CODE_SIGN_STYLE = Automatic;
				COMBINE_HIDPI_IMAGES = YES;
				CURRENT_PROJECT_VERSION = 1;
				ENABLE_PREVIEWS = YES;
				GENERATE_INFOPLIST_FILE = YES;
				INFOPLIST_KEY_NSHumanReadableCopyright = "";
				LD_RUNPATH_SEARCH_PATHS = (
					"$(inherited)",
					"@executable_path/../Frameworks",
				);
				MACOSX_DEPLOYMENT_TARGET = 11.0;
				MARKETING_VERSION = 1.0;
				PRODUCT_BUNDLE_IDENTIFIER = com.boleky.LoanTrackCDCK;
				PRODUCT_NAME = LoanTrackCDCK;
				SDKROOT = macosx;
				SWIFT_EMIT_LOC_STRINGS = YES;
				SWIFT_VERSION = 5.0;
			};
			name = Release;
		};
/* End XCBuildConfiguration section */

/* Begin XCConfigurationList section */
		9F8F417626FEE42F00D5BB67 /* Build configuration list for PBXProject "LoanTrackCDCK" */ = {
			isa = XCConfigurationList;
			buildConfigurations = (
				9F8F419526FEE43000D5BB67 /* Debug */,
				9F8F419626FEE43000D5BB67 /* Release */,
			);
			defaultConfigurationIsVisible = 0;
			defaultConfigurationName = Release;
		};
		9F8F419726FEE43000D5BB67 /* Build configuration list for PBXNativeTarget "LoanTrackCDCK (iOS)" */ = {
			isa = XCConfigurationList;
			buildConfigurations = (
				9F8F419826FEE43000D5BB67 /* Debug */,
				9F8F419926FEE43000D5BB67 /* Release */,
			);
			defaultConfigurationIsVisible = 0;
			defaultConfigurationName = Release;
		};
		9F8F419A26FEE43000D5BB67 /* Build configuration list for PBXNativeTarget "LoanTrackCDCK (macOS)" */ = {
			isa = XCConfigurationList;
			buildConfigurations = (
				9F8F419B26FEE43000D5BB67 /* Debug */,
				9F8F419C26FEE43000D5BB67 /* Release */,
			);
			defaultConfigurationIsVisible = 0;
			defaultConfigurationName = Release;
		};
/* End XCConfigurationList section */

/* Begin XCVersionGroup section */
		9F8F417826FEE42F00D5BB67 /* LoanTrackCDCK.xcdatamodeld */ = {
			isa = XCVersionGroup;
			children = (
				9F8F417926FEE42F00D5BB67 /* Shared.xcdatamodel */,
			);
			currentVersion = 9F8F417926FEE42F00D5BB67 /* Shared.xcdatamodel */;
			path = LoanTrackCDCK.xcdatamodeld;
			sourceTree = "<group>";
			versionGroupType = wrapper.xcdatamodel;
		};
/* End XCVersionGroup section */
	};
	rootObject = 9F8F417326FEE42F00D5BB67 /* Project object */;
}
